PODS:
  - AFNetworking (3.2.1):
    - AFNetworking/NSURLSession (= 3.2.1)
    - AFNetworking/Reachability (= 3.2.1)
    - AFNetworking/Security (= 3.2.1)
    - AFNetworking/Serialization (= 3.2.1)
    - AFNetworking/UIKit (= 3.2.1)
  - AFNetworking/NSURLSession (3.2.1):
    - AFNetworking/Reachability
    - AFNetworking/Security
    - AFNetworking/Serialization
  - AFNetworking/Reachability (3.2.1)
  - AFNetworking/Security (3.2.1)
  - AFNetworking/Serialization (3.2.1)
  - AFNetworking/UIKit (3.2.1):
    - AFNetworking/NSURLSession
  - DWNetworking (0.0.6):
    - AFNetworking (~> 3.2.0)
    - YYCache (~> 1.0.4)
  - FLAnimatedImage (1.0.12)
  - FMDB (2.7.5):
    - FMDB/standard (= 2.7.5)
  - FMDB/standard (2.7.5)
  - IQKeyboardManager (6.2.0)
  - JCore (1.2.5)
  - JPush (3.1.1.1):
    - JCore (~> 1.2.5)
  - KafkaRefresh (1.2.3):
    - KafkaRefresh/Category (= 1.2.3)
    - KafkaRefresh/Configuration (= 1.2.3)
    - KafkaRefresh/Core (= 1.2.3)
    - KafkaRefresh/Default (= 1.2.3)
    - KafkaRefresh/Style (= 1.2.3)
    - KafkaRefresh/UIKit (= 1.2.3)
  - KafkaRefresh/Category (1.2.3)
  - KafkaRefresh/Configuration (1.2.3):
    - KafkaRefresh/UIKit/FootKit
    - KafkaRefresh/UIKit/HeadKit
  - KafkaRefresh/Core (1.2.3):
    - KafkaRefresh/Category
  - KafkaRefresh/Default (1.2.3):
    - KafkaRefresh/Style
  - KafkaRefresh/Style (1.2.3)
  - KafkaRefresh/UIKit (1.2.3):
    - KafkaRefresh/UIKit/FootKit (= 1.2.3)
    - KafkaRefresh/UIKit/HeadKit (= 1.2.3)
    - KafkaRefresh/UIKit/LayerKit (= 1.2.3)
  - KafkaRefresh/UIKit/FootKit (1.2.3):
    - KafkaRefresh/Category
    - KafkaRefresh/Core
    - KafkaRefresh/Default
    - KafkaRefresh/Style
    - KafkaRefresh/UIKit/LayerKit
  - KafkaRefresh/UIKit/HeadKit (1.2.3):
    - KafkaRefresh/Category
    - KafkaRefresh/Core
    - KafkaRefresh/Default
    - KafkaRefresh/Style
    - KafkaRefresh/UIKit/LayerKit
  - KafkaRefresh/UIKit/LayerKit (1.2.3):
    - KafkaRefresh/Category
    - KafkaRefresh/Default
  - KSPhotoBrowser (0.2.4):
    - FLAnimatedImage (~> 1.0)
    - SDWebImage (~> 4.0)
    - SDWebImage/GIF
  - lottie-ios (2.5.2)
  - LSSafeProtector (2.1.2):
    - LSSafeProtector/Core (= 2.1.2)
    - LSSafeProtector/Foundation (= 2.1.2)
    - LSSafeProtector/MRC (= 2.1.2)
  - LSSafeProtector/Core (2.1.2)
  - LSSafeProtector/Foundation (2.1.2):
    - LSSafeProtector/Core
  - LSSafeProtector/MRC (2.1.2):
    - LSSafeProtector/Core
    - LSSafeProtector/Foundation
  - Masonry (1.1.0)
  - MJRefresh (3.1.15.7)
  - Pgyer (2.8.9)
  - PgyUpdate (1.6)
  - QMUIKit (2.9.2):
    - QMUIKit/QMUIComponents (= 2.9.2)
    - QMUIKit/QMUICore (= 2.9.2)
    - QMUIKit/QMUILog (= 2.9.2)
    - QMUIKit/QMUIMainFrame (= 2.9.2)
    - QMUIKit/QMUIResources (= 2.9.2)
    - QMUIKit/QMUIWeakObjectContainer (= 2.9.2)
  - QMUIKit/QMUIComponents (2.9.2):
    - QMUIKit/QMUIComponents/NavigationBarTransition (= 2.9.2)
    - QMUIKit/QMUIComponents/QMUIAlertController (= 2.9.2)
    - QMUIKit/QMUIComponents/QMUIAssetLibrary (= 2.9.2)
    - QMUIKit/QMUIComponents/QMUIBadge (= 2.9.2)
    - QMUIKit/QMUIComponents/QMUIButton (= 2.9.2)
    - QMUIKit/QMUIComponents/QMUICAAnimationExtension (= 2.9.2)
    - QMUIKit/QMUIComponents/QMUICellHeightCache (= 2.9.2)
    - QMUIKit/QMUIComponents/QMUICellHeightKeyCache (= 2.9.2)
    - QMUIKit/QMUIComponents/QMUICellSizeKeyCache (= 2.9.2)
    - QMUIKit/QMUIComponents/QMUICollectionViewPagingLayout (= 2.9.2)
    - QMUIKit/QMUIComponents/QMUIDialogViewController (= 2.9.2)
    - QMUIKit/QMUIComponents/QMUIEmotionInputManager (= 2.9.2)
    - QMUIKit/QMUIComponents/QMUIEmotionView (= 2.9.2)
    - QMUIKit/QMUIComponents/QMUIEmptyView (= 2.9.2)
    - QMUIKit/QMUIComponents/QMUIFillButton (= 2.9.2)
    - QMUIKit/QMUIComponents/QMUIFloatLayoutView (= 2.9.2)
    - QMUIKit/QMUIComponents/QMUIGhostButton (= 2.9.2)
    - QMUIKit/QMUIComponents/QMUIGridView (= 2.9.2)
    - QMUIKit/QMUIComponents/QMUIImagePickerLibrary (= 2.9.2)
    - QMUIKit/QMUIComponents/QMUIImagePreviewView (= 2.9.2)
    - QMUIKit/QMUIComponents/QMUIImagePreviewViewController (= 2.9.2)
    - QMUIKit/QMUIComponents/QMUIKeyboardManager (= 2.9.2)
    - QMUIKit/QMUIComponents/QMUILabel (= 2.9.2)
    - QMUIKit/QMUIComponents/QMUILinkButton (= 2.9.2)
    - QMUIKit/QMUIComponents/QMUILogManagerViewController (= 2.9.2)
    - QMUIKit/QMUIComponents/QMUILogWithConfigurationSupported (= 2.9.2)
    - QMUIKit/QMUIComponents/QMUIMarqueeLabel (= 2.9.2)
    - QMUIKit/QMUIComponents/QMUIModalPresentationViewController (= 2.9.2)
    - QMUIKit/QMUIComponents/QMUIMoreOperationController (= 2.9.2)
    - QMUIKit/QMUIComponents/QMUIMultipleDelegates (= 2.9.2)
    - QMUIKit/QMUIComponents/QMUINavigationButton (= 2.9.2)
    - QMUIKit/QMUIComponents/QMUINavigationTitleView (= 2.9.2)
    - QMUIKit/QMUIComponents/QMUIOrderedDictionary (= 2.9.2)
    - QMUIKit/QMUIComponents/QMUIPieProgressView (= 2.9.2)
    - QMUIKit/QMUIComponents/QMUIPopupContainerView (= 2.9.2)
    - QMUIKit/QMUIComponents/QMUIPopupMenuView (= 2.9.2)
    - QMUIKit/QMUIComponents/QMUIScrollAnimator (= 2.9.2)
    - QMUIKit/QMUIComponents/QMUISearchBar (= 2.9.2)
    - QMUIKit/QMUIComponents/QMUISearchController (= 2.9.2)
    - QMUIKit/QMUIComponents/QMUISegmentedControl (= 2.9.2)
    - QMUIKit/QMUIComponents/QMUISlider (= 2.9.2)
    - QMUIKit/QMUIComponents/QMUIStaticTableView (= 2.9.2)
    - QMUIKit/QMUIComponents/QMUITableView (= 2.9.2)
    - QMUIKit/QMUIComponents/QMUITableViewCell (= 2.9.2)
    - QMUIKit/QMUIComponents/QMUITableViewHeaderFooterView (= 2.9.2)
    - QMUIKit/QMUIComponents/QMUITableViewProtocols (= 2.9.2)
    - QMUIKit/QMUIComponents/QMUITestView (= 2.9.2)
    - QMUIKit/QMUIComponents/QMUITextField (= 2.9.2)
    - QMUIKit/QMUIComponents/QMUITextView (= 2.9.2)
    - QMUIKit/QMUIComponents/QMUITips (= 2.9.2)
    - QMUIKit/QMUIComponents/QMUIToastView (= 2.9.2)
    - QMUIKit/QMUIComponents/QMUIToolbarButton (= 2.9.2)
    - QMUIKit/QMUIComponents/QMUIVisualEffectView (= 2.9.2)
    - QMUIKit/QMUIComponents/QMUIZoomImageView (= 2.9.2)
    - QMUIKit/QMUICore
  - QMUIKit/QMUIComponents/NavigationBarTransition (2.9.2):
    - QMUIKit/QMUIComponents/QMUINavigationTitleView
    - QMUIKit/QMUICore
    - QMUIKit/QMUIMainFrame
  - QMUIKit/QMUIComponents/QMUIAlertController (2.9.2):
    - QMUIKit/QMUIComponents/QMUIButton
    - QMUIKit/QMUIComponents/QMUIModalPresentationViewController
    - QMUIKit/QMUIComponents/QMUITextField
    - QMUIKit/QMUICore
  - QMUIKit/QMUIComponents/QMUIAssetLibrary (2.9.2):
    - QMUIKit/QMUICore
  - QMUIKit/QMUIComponents/QMUIBadge (2.9.2):
    - QMUIKit/QMUIComponents/QMUILabel
    - QMUIKit/QMUICore
  - QMUIKit/QMUIComponents/QMUIButton (2.9.2):
    - QMUIKit/QMUICore
  - QMUIKit/QMUIComponents/QMUICAAnimationExtension (2.9.2):
    - QMUIKit/QMUIComponents/QMUIMultipleDelegates
    - QMUIKit/QMUICore
  - QMUIKit/QMUIComponents/QMUICellHeightCache (2.9.2):
    - QMUIKit/QMUIComponents/QMUITableViewProtocols
    - QMUIKit/QMUICore
  - QMUIKit/QMUIComponents/QMUICellHeightKeyCache (2.9.2):
    - QMUIKit/QMUIComponents/QMUIMultipleDelegates
    - QMUIKit/QMUIComponents/QMUITableViewProtocols
    - QMUIKit/QMUICore
  - QMUIKit/QMUIComponents/QMUICellSizeKeyCache (2.9.2):
    - QMUIKit/QMUIComponents/QMUIMultipleDelegates
    - QMUIKit/QMUICore
  - QMUIKit/QMUIComponents/QMUICollectionViewPagingLayout (2.9.2):
    - QMUIKit/QMUICore
  - QMUIKit/QMUIComponents/QMUIDialogViewController (2.9.2):
    - QMUIKit/QMUIComponents/QMUIButton
    - QMUIKit/QMUIComponents/QMUILabel
    - QMUIKit/QMUIComponents/QMUIModalPresentationViewController
    - QMUIKit/QMUIComponents/QMUINavigationTitleView
    - QMUIKit/QMUIComponents/QMUITableView
    - QMUIKit/QMUIComponents/QMUITableViewCell
    - QMUIKit/QMUIComponents/QMUITextField
    - QMUIKit/QMUICore
    - QMUIKit/QMUIMainFrame
  - QMUIKit/QMUIComponents/QMUIEmotionInputManager (2.9.2):
    - QMUIKit/QMUIComponents/QMUIEmotionView
    - QMUIKit/QMUICore
  - QMUIKit/QMUIComponents/QMUIEmotionView (2.9.2):
    - QMUIKit/QMUIComponents/QMUIButton
    - QMUIKit/QMUICore
    - QMUIKit/QMUIResources
  - QMUIKit/QMUIComponents/QMUIEmptyView (2.9.2):
    - QMUIKit/QMUIComponents/QMUIButton
    - QMUIKit/QMUICore
  - QMUIKit/QMUIComponents/QMUIFillButton (2.9.2):
    - QMUIKit/QMUIComponents/QMUIButton
    - QMUIKit/QMUICore
  - QMUIKit/QMUIComponents/QMUIFloatLayoutView (2.9.2):
    - QMUIKit/QMUICore
  - QMUIKit/QMUIComponents/QMUIGhostButton (2.9.2):
    - QMUIKit/QMUIComponents/QMUIButton
    - QMUIKit/QMUICore
  - QMUIKit/QMUIComponents/QMUIGridView (2.9.2):
    - QMUIKit/QMUICore
  - QMUIKit/QMUIComponents/QMUIImagePickerLibrary (2.9.2):
    - QMUIKit/QMUIComponents/QMUIAlertController
    - QMUIKit/QMUIComponents/QMUIAssetLibrary
    - QMUIKit/QMUIComponents/QMUIButton
    - QMUIKit/QMUIComponents/QMUIEmptyView
    - QMUIKit/QMUIComponents/QMUIImagePreviewViewController
    - QMUIKit/QMUIComponents/QMUINavigationButton
    - QMUIKit/QMUIComponents/QMUITableViewCell
    - QMUIKit/QMUIComponents/QMUIZoomImageView
    - QMUIKit/QMUICore
    - QMUIKit/QMUIMainFrame
    - QMUIKit/QMUIResources
  - QMUIKit/QMUIComponents/QMUIImagePreviewView (2.9.2):
    - QMUIKit/QMUIComponents/QMUIButton
    - QMUIKit/QMUIComponents/QMUICollectionViewPagingLayout
    - QMUIKit/QMUIComponents/QMUIEmptyView
    - QMUIKit/QMUIComponents/QMUIPieProgressView
    - QMUIKit/QMUIComponents/QMUIZoomImageView
    - QMUIKit/QMUICore
  - QMUIKit/QMUIComponents/QMUIImagePreviewViewController (2.9.2):
    - QMUIKit/QMUIComponents/QMUIImagePreviewView
    - QMUIKit/QMUICore
    - QMUIKit/QMUIMainFrame
  - QMUIKit/QMUIComponents/QMUIKeyboardManager (2.9.2):
    - QMUIKit/QMUICore
  - QMUIKit/QMUIComponents/QMUILabel (2.9.2):
    - QMUIKit/QMUICore
  - QMUIKit/QMUIComponents/QMUILinkButton (2.9.2):
    - QMUIKit/QMUIComponents/QMUIButton
    - QMUIKit/QMUICore
  - QMUIKit/QMUIComponents/QMUILogManagerViewController (2.9.2):
    - QMUIKit/QMUIComponents/QMUIPopupMenuView
    - QMUIKit/QMUIComponents/QMUISearchController
    - QMUIKit/QMUIComponents/QMUIStaticTableView
    - QMUIKit/QMUIComponents/QMUITableView
    - QMUIKit/QMUICore
    - QMUIKit/QMUIMainFrame
  - QMUIKit/QMUIComponents/QMUILogWithConfigurationSupported (2.9.2):
    - QMUIKit/QMUICore
  - QMUIKit/QMUIComponents/QMUIMarqueeLabel (2.9.2):
    - QMUIKit/QMUICore
  - QMUIKit/QMUIComponents/QMUIModalPresentationViewController (2.9.2):
    - QMUIKit/QMUIComponents/QMUIKeyboardManager
    - QMUIKit/QMUICore
  - QMUIKit/QMUIComponents/QMUIMoreOperationController (2.9.2):
    - QMUIKit/QMUIComponents/QMUIButton
    - QMUIKit/QMUIComponents/QMUIModalPresentationViewController
    - QMUIKit/QMUICore
  - QMUIKit/QMUIComponents/QMUIMultipleDelegates (2.9.2):
    - QMUIKit/QMUICore
  - QMUIKit/QMUIComponents/QMUINavigationButton (2.9.2):
    - QMUIKit/QMUICore
    - QMUIKit/QMUIMainFrame
  - QMUIKit/QMUIComponents/QMUINavigationTitleView (2.9.2):
    - QMUIKit/QMUIComponents/QMUIButton
    - QMUIKit/QMUICore
  - QMUIKit/QMUIComponents/QMUIOrderedDictionary (2.9.2):
    - QMUIKit/QMUICore
  - QMUIKit/QMUIComponents/QMUIPieProgressView (2.9.2):
    - QMUIKit/QMUICore
  - QMUIKit/QMUIComponents/QMUIPopupContainerView (2.9.2):
    - QMUIKit/QMUICore
    - QMUIKit/QMUIMainFrame
  - QMUIKit/QMUIComponents/QMUIPopupMenuView (2.9.2):
    - QMUIKit/QMUIComponents/QMUIButton
    - QMUIKit/QMUIComponents/QMUIPopupContainerView
    - QMUIKit/QMUICore
  - QMUIKit/QMUIComponents/QMUIScrollAnimator (2.9.2):
    - QMUIKit/QMUIComponents/QMUIMultipleDelegates
    - QMUIKit/QMUICore
  - QMUIKit/QMUIComponents/QMUISearchBar (2.9.2):
    - QMUIKit/QMUICore
  - QMUIKit/QMUIComponents/QMUISearchController (2.9.2):
    - QMUIKit/QMUIComponents/QMUIEmptyView
    - QMUIKit/QMUIComponents/QMUISearchBar
    - QMUIKit/QMUICore
    - QMUIKit/QMUIMainFrame
  - QMUIKit/QMUIComponents/QMUISegmentedControl (2.9.2):
    - QMUIKit/QMUICore
  - QMUIKit/QMUIComponents/QMUISlider (2.9.2):
    - QMUIKit/QMUICore
  - QMUIKit/QMUIComponents/QMUIStaticTableView (2.9.2):
    - QMUIKit/QMUIComponents/QMUIMultipleDelegates
    - QMUIKit/QMUIComponents/QMUITableViewCell
    - QMUIKit/QMUICore
  - QMUIKit/QMUIComponents/QMUITableView (2.9.2):
    - QMUIKit/QMUIComponents/QMUITableViewProtocols
    - QMUIKit/QMUICore
  - QMUIKit/QMUIComponents/QMUITableViewCell (2.9.2):
    - QMUIKit/QMUIComponents/QMUIButton
    - QMUIKit/QMUICore
  - QMUIKit/QMUIComponents/QMUITableViewHeaderFooterView (2.9.2):
    - QMUIKit/QMUICore
  - QMUIKit/QMUIComponents/QMUITableViewProtocols (2.9.2):
    - QMUIKit/QMUICore
  - QMUIKit/QMUIComponents/QMUITestView (2.9.2):
    - QMUIKit/QMUICore
  - QMUIKit/QMUIComponents/QMUITextField (2.9.2):
    - QMUIKit/QMUIComponents/QMUIMultipleDelegates
    - QMUIKit/QMUICore
  - QMUIKit/QMUIComponents/QMUITextView (2.9.2):
    - QMUIKit/QMUIComponents/QMUILabel
    - QMUIKit/QMUIComponents/QMUIMultipleDelegates
    - QMUIKit/QMUICore
  - QMUIKit/QMUIComponents/QMUITips (2.9.2):
    - QMUIKit/QMUIComponents/QMUIToastView
    - QMUIKit/QMUICore
    - QMUIKit/QMUIResources
  - QMUIKit/QMUIComponents/QMUIToastView (2.9.2):
    - QMUIKit/QMUIComponents/QMUIKeyboardManager
    - QMUIKit/QMUICore
  - QMUIKit/QMUIComponents/QMUIToolbarButton (2.9.2):
    - QMUIKit/QMUICore
  - QMUIKit/QMUIComponents/QMUIVisualEffectView (2.9.2):
    - QMUIKit/QMUICore
  - QMUIKit/QMUIComponents/QMUIZoomImageView (2.9.2):
    - QMUIKit/QMUIComponents/QMUIAssetLibrary
    - QMUIKit/QMUIComponents/QMUIButton
    - QMUIKit/QMUIComponents/QMUIEmptyView
    - QMUIKit/QMUIComponents/QMUIPieProgressView
    - QMUIKit/QMUIComponents/QMUISlider
    - QMUIKit/QMUICore
  - QMUIKit/QMUICore (2.9.2):
    - QMUIKit/QMUILog
    - QMUIKit/QMUIWeakObjectContainer
  - QMUIKit/QMUILog (2.9.2)
  - QMUIKit/QMUIMainFrame (2.9.2):
    - QMUIKit/QMUIComponents/QMUIEmptyView
    - QMUIKit/QMUIComponents/QMUIKeyboardManager
    - QMUIKit/QMUIComponents/QMUIMultipleDelegates
    - QMUIKit/QMUIComponents/QMUINavigationTitleView
    - QMUIKit/QMUIComponents/QMUITableView
    - QMUIKit/QMUIComponents/QMUITableViewHeaderFooterView
    - QMUIKit/QMUICore
    - QMUIKit/QMUILog
  - QMUIKit/QMUIResources (2.9.2)
  - QMUIKit/QMUIWeakObjectContainer (2.9.2)
  - SDWebImage (4.4.3):
    - SDWebImage/Core (= 4.4.3)
  - SDWebImage/Core (4.4.3)
  - SDWebImage/GIF (4.4.3):
    - FLAnimatedImage (~> 1.0)
    - SDWebImage/Core
  - Somo (0.8.0)
  - YTKKeyValueStore (0.1.2):
    - FMDB (~> 2.0)
  - YYCache (1.0.4)
  - YYCategories (1.0.4):
    - YYCategories/no-arc (= 1.0.4)
  - YYCategories/no-arc (1.0.4)
  - YYImage (1.0.4):
    - YYImage/Core (= 1.0.4)
  - YYImage/Core (1.0.4)
  - YYModel (1.0.4)
  - YYText (1.0.7)
  - YYWebImage (1.0.5):
    - YYCache
    - YYImage

DEPENDENCIES:
  - DWNetworking
  - IQKeyboardManager
  - JPush
  - KafkaRefresh
  - KSPhotoBrowser
  - lottie-ios
  - LSSafeProtector
  - Masonry
  - MJRefresh
  - Pgyer
  - PgyUpdate
  - QMUIKit
  - Somo
  - YTKKeyValueStore
  - YYCategories
  - YYModel
  - YYText
  - YYWebImage

SPEC REPOS:
  https://github.com/cocoapods/specs.git:
    - AFNetworking
    - DWNetworking
    - FLAnimatedImage
    - FMDB
    - IQKeyboardManager
    - JCore
    - JPush
    - KafkaRefresh
    - KSPhotoBrowser
    - lottie-ios
    - LSSafeProtector
    - Masonry
    - MJRefresh
    - Pgyer
    - PgyUpdate
    - QMUIKit
    - SDWebImage
    - Somo
    - YTKKeyValueStore
    - YYCache
    - YYCategories
    - YYImage
    - YYModel
    - YYText
    - YYWebImage

SPEC CHECKSUMS:
  AFNetworking: b6f891fdfaed196b46c7a83cf209e09697b94057
  DWNetworking: fc8f374ad31f72195fd44dda826a271db05e6e80
  FLAnimatedImage: 4a0b56255d9b05f18b6dd7ee06871be5d3b89e31
  FMDB: 2ce00b547f966261cd18927a3ddb07cb6f3db82a
  IQKeyboardManager: 6194101620b73af5e67900b8f89707a99de0b804
  JCore: 14706de2640b25fb77dbd02332696491407f37c9
  JPush: 25dd9013fbe106082c14f9f30a82364ee98852fb
  KafkaRefresh: c9794c5a696eaf00371c18ba385c8c3d114b5bff
  KSPhotoBrowser: 1f60c68401f34bcc223838c8592269b4a10a83bf
  lottie-ios: 3fef45d3fabe63e3c7c2eb603dd64ddfffc73062
  LSSafeProtector: 742e9eaadb289eaa4959e0a607728f23f5267c1b
  Masonry: 678fab65091a9290e40e2832a55e7ab731aad201
  MJRefresh: 697f8ec75ebdbe9207767bb682cf0f51b0d8a41f
  Pgyer: 830654e51e23f754cce5d8b3ea9ba72be68452eb
  PgyUpdate: cd6c2ada5928f36a9f904d8f96a9b3b53e190755
  QMUIKit: 8b16b24a75dc6c97310120ba06abc9d92a253ff4
  SDWebImage: c5594f1a19c48d526d321e548902b56b479cd508
  Somo: 1e2335634d16babfb361c77b9cde743c5f45154b
  YTKKeyValueStore: 4d002941540dd5108fa23009b71e0f2f937f7a0f
  YYCache: 8105b6638f5e849296c71f331ff83891a4942952
  YYCategories: 6bcd4314c6661a561410dce4a793379ebd306abd
  YYImage: 1e1b62a9997399593e4b9c4ecfbbabbf1d3f3b54
  YYModel: 2a7fdd96aaa4b86a824e26d0c517de8928c04b30
  YYText: 5c461d709e24d55a182d1441c41dc639a18a4849
  YYWebImage: 5f7f36aee2ae293f016d418c7d6ba05c4863e928

PODFILE CHECKSUM: a7c4655e3eef0d33cca4728271850d892f81fc6b

COCOAPODS: 1.5.3
